<?xml version="1.0" encoding="utf-8"?>
<Project ToolsVersion="4.0" xmlns="http://schemas.microsoft.com/developer/msbuild/2003">
  <ItemGroup>
    <Filter Include="Source Files">
      <UniqueIdentifier>{4FC737F1-C7A5-4376-A066-2A32D752A2FF}</UniqueIdentifier>
      <Extensions>cpp;c;cc;cxx;def;odl;idl;hpj;bat;asm;asmx</Extensions>
    </Filter>
    <Filter Include="Header Files">
      <UniqueIdentifier>{93995380-89BD-4b04-88EB-625FBE52EBFB}</UniqueIdentifier>
      <Extensions>h;hh;hpp;hxx;hm;inl;inc;xsd</Extensions>
    </Filter>
    <Filter Include="Resource Files">
      <UniqueIdentifier>{67DA6AB6-F800-4c08-8B7A-83BB121AAD01}</UniqueIdentifier>
      <Extensions>rc;ico;cur;bmp;dlg;rc2;rct;bin;rgs;gif;jpg;jpeg;jpe;resx;tiff;tif;png;wav;mfcribbon-ms</Extensions>
    </Filter>
    <Filter Include="App">
      <UniqueIdentifier>{a74775c3-c56a-4cc7-9f97-c68f8e76f0d1}</UniqueIdentifier>
    </Filter>
    <Filter Include="Device">
      <UniqueIdentifier>{4e64fa84-026e-4bfb-9520-8e20acf8a4e1}</UniqueIdentifier>
    </Filter>
    <Filter Include="Object">
      <UniqueIdentifier>{74c3e0d1-9a89-484d-81ab-f59060fcdd9f}</UniqueIdentifier>
    </Filter>
    <Filter Include="Lighting">
      <UniqueIdentifier>{c3123c6b-9ff6-4cec-a3c9-095626c84de1}</UniqueIdentifier>
    </Filter>
    <Filter Include="Render">
      <UniqueIdentifier>{729911e1-46c5-4668-bbe2-1db221dd122c}</UniqueIdentifier>
    </Filter>
    <Filter Include="Render\Shader">
      <UniqueIdentifier>{63556a8f-5969-481f-9d86-1eb3da22576c}</UniqueIdentifier>
    </Filter>
  </ItemGroup>
  <ItemGroup>
    <Text Include="ReadMe.txt" />
  </ItemGroup>
  <ItemGroup>
    <ClInclude Include="stdafx.h">
      <Filter>Header Files</Filter>
    </ClInclude>
    <ClInclude Include="targetver.h">
      <Filter>Header Files</Filter>
    </ClInclude>
    <ClInclude Include="Resource.h">
      <Filter>Header Files</Filter>
    </ClInclude>
    <ClInclude Include="RealRender.h">
      <Filter>Header Files</Filter>
    </ClInclude>
    <ClInclude Include="DeviceDx11.h">
      <Filter>Device</Filter>
    </ClInclude>
    <ClInclude Include="Singleton.h">
      <Filter>Source Files</Filter>
    </ClInclude>
    <ClInclude Include="App.h">
      <Filter>App</Filter>
    </ClInclude>
    <ClInclude Include="Object.h">
      <Filter>Object</Filter>
    </ClInclude>
    <ClInclude Include="ResourceManager.h">
      <Filter>Header Files</Filter>
    </ClInclude>
    <ClInclude Include="Camera.h">
      <Filter>Header Files</Filter>
    </ClInclude>
    <ClInclude Include="GameTimer.h">
      <Filter>Header Files</Filter>
    </ClInclude>
    <ClInclude Include="Lighting.h">
      <Filter>Lighting</Filter>
    </ClInclude>
    <ClInclude Include="ShaderUtil.h">
      <Filter>Render\Shader</Filter>
    </ClInclude>
    <ClInclude Include="Sky.h">
      <Filter>Object</Filter>
    </ClInclude>
    <ClInclude Include="Terrain.h">
      <Filter>Object</Filter>
    </ClInclude>
    <ClInclude Include="TreeBillboard.h">
      <Filter>Object</Filter>
    </ClInclude>
    <ClInclude Include="Util.h">
      <Filter>Header Files</Filter>
    </ClInclude>
    <ClInclude Include="Sphere.h">
      <Filter>Object</Filter>
    </ClInclude>
    <ClInclude Include="VertexInfo.h">
      <Filter>Header Files</Filter>
    </ClInclude>
    <ClInclude Include="Box.h">
      <Filter>Object</Filter>
    </ClInclude>
    <ClInclude Include="ConstantBufferInfo.h">
      <Filter>Header Files</Filter>
    </ClInclude>
    <ClInclude Include="RenderManager.h">
      <Filter>Render</Filter>
    </ClInclude>
    <ClInclude Include="RenderBase.h">
      <Filter>Render</Filter>
    </ClInclude>
  </ItemGroup>
  <ItemGroup>
    <ClCompile Include="stdafx.cpp">
      <Filter>Source Files</Filter>
    </ClCompile>
    <ClCompile Include="RealRender.cpp">
      <Filter>Source Files</Filter>
    </ClCompile>
    <ClCompile Include="TemplateUtil.h">
      <Filter>Source Files</Filter>
    </ClCompile>
    <ClCompile Include="DeviceDx11.cpp">
      <Filter>Device</Filter>
    </ClCompile>
    <ClCompile Include="App.cpp">
      <Filter>App</Filter>
    </ClCompile>
    <ClCompile Include="Object.cpp">
      <Filter>Object</Filter>
    </ClCompile>
    <ClCompile Include="ResourceManager.cpp">
      <Filter>Source Files</Filter>
    </ClCompile>
    <ClCompile Include="Camera.cpp">
      <Filter>Source Files</Filter>
    </ClCompile>
    <ClCompile Include="GameTimer.cpp">
      <Filter>Source Files</Filter>
    </ClCompile>
    <ClCompile Include="Lighting.cpp">
      <Filter>Lighting</Filter>
    </ClCompile>
    <ClCompile Include="ShaderUtil.cpp">
      <Filter>Render\Shader</Filter>
    </ClCompile>
    <ClCompile Include="Sky.cpp">
      <Filter>Object</Filter>
    </ClCompile>
    <ClCompile Include="Terrain.cpp">
      <Filter>Object</Filter>
    </ClCompile>
    <ClCompile Include="TreeBillboard.cpp">
      <Filter>Object</Filter>
    </ClCompile>
    <ClCompile Include="Util.cpp">
      <Filter>Source Files</Filter>
    </ClCompile>
    <ClCompile Include="ShareValue.h">
      <Filter>Header Files</Filter>
    </ClCompile>
    <ClCompile Include="Sphere.cpp">
      <Filter>Object</Filter>
    </ClCompile>
    <ClCompile Include="Box.cpp">
      <Filter>Object</Filter>
    </ClCompile>
    <ClCompile Include="RenderManager.cpp">
      <Filter>Render</Filter>
    </ClCompile>
    <ClCompile Include="RenderBase.cpp">
      <Filter>Render</Filter>
    </ClCompile>
  </ItemGroup>
  <ItemGroup>
    <ResourceCompile Include="RealRender.rc">
      <Filter>Resource Files</Filter>
    </ResourceCompile>
  </ItemGroup>
  <ItemGroup>
    <Image Include="small.ico">
      <Filter>Resource Files</Filter>
    </Image>
    <Image Include="RealRender.ico">
      <Filter>Resource Files</Filter>
    </Image>
  </ItemGroup>
  <ItemGroup>
    <FxCompile Include="LightShader.fx">
      <Filter>Render\Shader</Filter>
    </FxCompile>
    <FxCompile Include="LightHelper.fx">
      <Filter>Render\Shader</Filter>
    </FxCompile>
    <FxCompile Include="TextureShader.fx">
      <Filter>Render\Shader</Filter>
    </FxCompile>
    <FxCompile Include="Sky.fx">
      <Filter>Render\Shader</Filter>
    </FxCompile>
    <FxCompile Include="Terrain.fx">
      <Filter>Render\Shader</Filter>
    </FxCompile>
    <FxCompile Include="TreeSprite.fx">
      <Filter>Render\Shader</Filter>
    </FxCompile>
    <FxCompile Include="SolidShader.fx">
      <Filter>Render\Shader</Filter>
    </FxCompile>
    <FxCompile Include="ReflectShader.fx">
      <Filter>Render\Shader</Filter>
    </FxCompile>
    <FxCompile Include="DisplacementMap.fx">
      <Filter>Render\Shader</Filter>
    </FxCompile>
    <FxCompile Include="InstanceShader.fx">
      <Filter>Render\Shader</Filter>
    </FxCompile>
  </ItemGroup>
</Project>